// !$*UTF8*$!
{
	archiveVersion = 1;
	classes = {
	};
	objectVersion = 46;
	objects = {

/* Begin PBXBuildFile section */
		60CABB7E1CF2EE1B00B6742A /* main.m in Sources */ = {isa = PBXBuildFile; fileRef = 60CABB7D1CF2EE1B00B6742A /* main.m */; };
		60CABB811CF2EE1B00B6742A /* AppDelegate.m in Sources */ = {isa = PBXBuildFile; fileRef = 60CABB801CF2EE1B00B6742A /* AppDelegate.m */; };
		60CABB891CF2EE1B00B6742A /* Assets.xcassets in Resources */ = {isa = PBXBuildFile; fileRef = 60CABB881CF2EE1B00B6742A /* Assets.xcassets */; };
		60CABB971CF2EE1C00B6742A /* WBTests.m in Sources */ = {isa = PBXBuildFile; fileRef = 60CABB961CF2EE1C00B6742A /* WBTests.m */; };
/* End PBXBuildFile section */

/* Begin PBXContainerItemProxy section */
		60CABB931CF2EE1C00B6742A /* PBXContainerItemProxy */ = {
			isa = PBXContainerItemProxy;
			containerPortal = 60CABB711CF2EE1B00B6742A /* Project object */;
			proxyType = 1;
			remoteGlobalIDString = 60CABB781CF2EE1B00B6742A;
			remoteInfo = WB;
		};
/* End PBXContainerItemProxy section */

/* Begin PBXFileReference section */
		60A108301CF2EF7300AFC281 /* PrefixHeader.pch */ = {isa = PBXFileReference; lastKnownFileType = sourcecode.c.h; path = PrefixHeader.pch; sourceTree = "<group>"; };
		60CABB791CF2EE1B00B6742A /* WB.app */ = {isa = PBXFileReference; explicitFileType = wrapper.application; includeInIndex = 0; path = WB.app; sourceTree = BUILT_PRODUCTS_DIR; };
		60CABB7D1CF2EE1B00B6742A /* main.m */ = {isa = PBXFileReference; lastKnownFileType = sourcecode.c.objc; path = main.m; sourceTree = "<group>"; };
		60CABB7F1CF2EE1B00B6742A /* AppDelegate.h */ = {isa = PBXFileReference; lastKnownFileType = sourcecode.c.h; path = AppDelegate.h; sourceTree = "<group>"; };
		60CABB801CF2EE1B00B6742A /* AppDelegate.m */ = {isa = PBXFileReference; lastKnownFileType = sourcecode.c.objc; path = AppDelegate.m; sourceTree = "<group>"; };
		60CABB881CF2EE1B00B6742A /* Assets.xcassets */ = {isa = PBXFileReference; lastKnownFileType = folder.assetcatalog; path = Assets.xcassets; sourceTree = "<group>"; };
		60CABB8D1CF2EE1B00B6742A /* Info.plist */ = {isa = PBXFileReference; lastKnownFileType = text.plist.xml; path = Info.plist; sourceTree = "<group>"; };
		60CABB921CF2EE1C00B6742A /* WBTests.xctest */ = {isa = PBXFileReference; explicitFileType = wrapper.cfbundle; includeInIndex = 0; path = WBTests.xctest; sourceTree = BUILT_PRODUCTS_DIR; };
		60CABB961CF2EE1C00B6742A /* WBTests.m */ = {isa = PBXFileReference; lastKnownFileType = sourcecode.c.objc; path = WBTests.m; sourceTree = "<group>"; };
		60CABB981CF2EE1C00B6742A /* Info.plist */ = {isa = PBXFileReference; lastKnownFileType = text.plist.xml; path = Info.plist; sourceTree = "<group>"; };
/* End PBXFileReference section */

/* Begin PBXFrameworksBuildPhase section */
		60CABB761CF2EE1B00B6742A /* Frameworks */ = {
			isa = PBXFrameworksBuildPhase;
			buildActionMask = 2147483647;
			files = (
			);
			runOnlyForDeploymentPostprocessing = 0;
		};
		60CABB8F1CF2EE1C00B6742A /* Frameworks */ = {
			isa = PBXFrameworksBuildPhase;
			buildActionMask = 2147483647;
			files = (
			);
			runOnlyForDeploymentPostprocessing = 0;
		};
/* End PBXFrameworksBuildPhase section */

/* Begin PBXGroup section */
		60CABB701CF2EE1B00B6742A = {
			isa = PBXGroup;
			children = (
				60CABB7B1CF2EE1B00B6742A /* WB */,
				60CABB951CF2EE1C00B6742A /* WBTests */,
				60CABB7A1CF2EE1B00B6742A /* Products */,
			);
			sourceTree = "<group>";
		};
		60CABB7A1CF2EE1B00B6742A /* Products */ = {
			isa = PBXGroup;
			children = (
				60CABB791CF2EE1B00B6742A /* WB.app */,
				60CABB921CF2EE1C00B6742A /* WBTests.xctest */,
			);
			name = Products;
			sourceTree = "<group>";
		};
		60CABB7B1CF2EE1B00B6742A /* WB */ = {
			isa = PBXGroup;
			children = (
				60CABB7F1CF2EE1B00B6742A /* AppDelegate.h */,
				60CABB801CF2EE1B00B6742A /* AppDelegate.m */,
				60CABB881CF2EE1B00B6742A /* Assets.xcassets */,
				60CABB8D1CF2EE1B00B6742A /* Info.plist */,
				60CABB7C1CF2EE1B00B6742A /* Supporting Files */,
			);
			path = WB;
			sourceTree = "<group>";
		};
		60CABB7C1CF2EE1B00B6742A /* Supporting Files */ = {
			isa = PBXGroup;
			children = (
				60CABB7D1CF2EE1B00B6742A /* main.m */,
				60A108301CF2EF7300AFC281 /* PrefixHeader.pch */,
			);
			name = "Supporting Files";
			sourceTree = "<group>";
		};
		60CABB951CF2EE1C00B6742A /* WBTests */ = {
			isa = PBXGroup;
			children = (
				60CABB961CF2EE1C00B6742A /* WBTests.m */,
				60CABB981CF2EE1C00B6742A /* Info.plist */,
			);
			path = WBTests;
			sourceTree = "<group>";
		};
/* End PBXGroup section */

/* Begin PBXNativeTarget section */
		60CABB781CF2EE1B00B6742A /* WB */ = {
			isa = PBXNativeTarget;
			buildConfigurationList = 60CABB9B1CF2EE1C00B6742A /* Build configuration list for PBXNativeTarget "WB" */;
			buildPhases = (
				60CABB751CF2EE1B00B6742A /* Sources */,
				60CABB761CF2EE1B00B6742A /* Frameworks */,
				60CABB771CF2EE1B00B6742A /* Resources */,
			);
			buildRules = (
			);
			dependencies = (
			);
			name = WB;
			productName = WB;
			productReference = 60CABB791CF2EE1B00B6742A /* WB.app */;
			productType = "com.apple.product-type.application";
		};
		60CABB911CF2EE1C00B6742A /* WBTests */ = {
			isa = PBXNativeTarget;
			buildConfigurationList = 60CABB9E1CF2EE1C00B6742A /* Build configuration list for PBXNativeTarget "WBTests" */;
			buildPhases = (
				60CABB8E1CF2EE1C00B6742A /* Sources */,
				60CABB8F1CF2EE1C00B6742A /* Frameworks */,
				60CABB901CF2EE1C00B6742A /* Resources */,
			);
			buildRules = (
			);
			dependencies = (
				60CABB941CF2EE1C00B6742A /* PBXTargetDependency */,
			);
			name = WBTests;
			productName = WBTests;
			productReference = 60CABB921CF2EE1C00B6742A /* WBTests.xctest */;
			productType = "com.apple.product-type.bundle.unit-test";
		};
/* End PBXNativeTarget section */

/* Begin PBXProject section */
		60CABB711CF2EE1B00B6742A /* Project object */ = {
			isa = PBXProject;
			attributes = {
				LastUpgradeCheck = 0730;
				ORGANIZATIONNAME = Sam;
				TargetAttributes = {
					60CABB781CF2EE1B00B6742A = {
						CreatedOnToolsVersion = 7.3;
					};
					60CABB911CF2EE1C00B6742A = {
						CreatedOnToolsVersion = 7.3;
						TestTargetID = 60CABB781CF2EE1B00B6742A;
					};
				};
			};
			buildConfigurationList = 60CABB741CF2EE1B00B6742A /* Build configuration list for PBXProject "WB" */;
			compatibilityVersion = "Xcode 3.2";
			developmentRegion = English;
			hasScannedForEncodings = 0;
			knownRegions = (
				en,
				Base,
			);
			mainGroup = 60CABB701CF2EE1B00B6742A;
			productRefGroup = 60CABB7A1CF2EE1B00B6742A /* Products */;
			projectDirPath = "";
			projectRoot = "";
			targets = (
				60CABB781CF2EE1B00B6742A /* WB */,
				60CABB911CF2EE1C00B6742A /* WBTests */,
			);
		};
/* End PBXProject section */

/* Begin PBXResourcesBuildPhase section */
		60CABB771CF2EE1B00B6742A /* Resources */ = {
			isa = PBXResourcesBuildPhase;
			buildActionMask = 2147483647;
			files = (
				60CABB891CF2EE1B00B6742A /* Assets.xcassets in Resources */,
			);
			runOnlyForDeploymentPostprocessing = 0;
		};
		60CABB901CF2EE1C00B6742A /* Resources */ = {
			isa = PBXResourcesBuildPhase;
			buildActionMask = 2147483647;
			files = (
			);
			runOnlyForDeploymentPostprocessing = 0;
		};
/* End PBXResourcesBuildPhase section */

/* Begin PBXSourcesBuildPhase section */
		60CABB751CF2EE1B00B6742A /* Sources */ = {
			isa = PBXSourcesBuildPhase;
			buildActionMask = 2147483647;
			files = (
				60CABB811CF2EE1B00B6742A /* AppDelegate.m in Sources */,
				60CABB7E1CF2EE1B00B6742A /* main.m in Sources */,
			);
			runOnlyForDeploymentPostprocessing = 0;
		};
		60CABB8E1CF2EE1C00B6742A /* Sources */ = {
			isa = PBXSourcesBuildPhase;
			buildActionMask = 2147483647;
			files = (
				60CABB971CF2EE1C00B6742A /* WBTests.m in Sources */,
			);
			runOnlyForDeploymentPostprocessing = 0;
		};
/* End PBXSourcesBuildPhase section */

/* Begin PBXTargetDependency section */
		60CABB941CF2EE1C00B6742A /* PBXTargetDependency */ = {
			isa = PBXTargetDependency;
			target = 60CABB781CF2EE1B00B6742A /* WB */;
			targetProxy = 60CABB931CF2EE1C00B6742A /* PBXContainerItemProxy */;
		};
/* End PBXTargetDependency section */

/* Begin XCBuildConfiguration section */
		60CABB991CF2EE1C00B6742A /* Debug */ = {
			isa = XCBuildConfiguration;
			buildSettings = {
				ALWAYS_SEARCH_USER_PATHS = NO;
				CLANG_ANALYZER_NONNULL = YES;
				CLANG_CXX_LANGUAGE_STANDARD = "gnu++0x";
				CLANG_CXX_LIBRARY = "libc++";
				CLANG_ENABLE_MODULES = YES;
				CLANG_ENABLE_OBJC_ARC = YES;
				CLANG_WARN_BOOL_CONVERSION = YES;
				CLANG_WARN_CONSTANT_CONVERSION = YES;
				CLANG_WARN_DIRECT_OBJC_ISA_USAGE = YES_ERROR;
				CLANG_WARN_EMPTY_BODY = YES;
				CLANG_WARN_ENUM_CONVERSION = YES;
				CLANG_WARN_INT_CONVERSION = YES;
				CLANG_WARN_OBJC_ROOT_CLASS = YES_ERROR;
				CLANG_WARN_UNREACHABLE_CODE = YES;
				CLANG_WARN__DUPLICATE_METHOD_MATCH = YES;
				"CODE_SIGN_IDENTITY[sdk=iphoneos*]" = "iPhone Developer";
				COPY_PHASE_STRIP = NO;
				DEBUG_INFORMATION_FORMAT = dwarf;
				ENABLE_STRICT_OBJC_MSGSEND = YES;
				ENABLE_TESTABILITY = YES;
				GCC_C_LANGUAGE_STANDARD = gnu99;
				GCC_DYNAMIC_NO_PIC = NO;
				GCC_NO_COMMON_BLOCKS = YES;
				GCC_OPTIMIZATION_LEVEL = 0;
				GCC_PREPROCESSOR_DEFINITIONS = (
					"DEBUG=1",
					"$(inherited)",
				);
				GCC_WARN_64_TO_32_BIT_CONVERSION = YES;
				GCC_WARN_ABOUT_RETURN_TYPE = YES_ERROR;
				GCC_WARN_UNDECLARED_SELECTOR = YES;
				GCC_WARN_UNINITIALIZED_AUTOS = YES_AGGRESSIVE;
				GCC_WARN_UNUSED_FUNCTION = YES;
				GCC_WARN_UNUSED_VARIABLE = YES;
				IPHONEOS_DEPLOYMENT_TARGET = 9.3;
				MTL_ENABLE_DEBUG_INFO = YES;
				ONLY_ACTIVE_ARCH = YES;
				SDKROOT = iphoneos;
				TARGETED_DEVICE_FAMILY = "1,2";
			};
			name = Debug;
		};
		60CABB9A1CF2EE1C00B6742A /* Release */ = {
			isa = XCBuildConfiguration;
			buildSettings = {
				ALWAYS_SEARCH_USER_PATHS = NO;
				CLANG_ANALYZER_NONNULL = YES;
				CLANG_CXX_LANGUAGE_STANDARD = "gnu++0x";
				CLANG_CXX_LIBRARY = "libc++";
				CLANG_ENABLE_MODULES = YES;
				CLANG_ENABLE_OBJC_ARC = YES;
				CLANG_WARN_BOOL_CONVERSION = YES;
				CLANG_WARN_CONSTANT_CONVERSION = YES;
				CLANG_WARN_DIRECT_OBJC_ISA_USAGE = YES_ERROR;
				CLANG_WARN_EMPTY_BODY = YES;
				CLANG_WARN_ENUM_CONVERSION = YES;
				CLANG_WARN_INT_CONVERSION = YES;
				CLANG_WARN_OBJC_ROOT_CLASS = YES_ERROR;
				CLANG_WARN_UNREACHABLE_CODE = YES;
				CLANG_WARN__DUPLICATE_METHOD_MATCH = YES;
				"CODE_SIGN_IDENTITY[sdk=iphoneos*]" = "iPhone Developer";
				COPY_PHASE_STRIP = NO;
				DEBUG_INFORMATION_FORMAT = "dwarf-with-dsym";
				ENABLE_NS_ASSERTIONS = NO;
				ENABLE_STRICT_OBJC_MSGSEND = YES;
				GCC_C_LANGUAGE_STANDARD = gnu99;
				GCC_NO_COMMON_BLOCKS = YES;
				GCC_WARN_64_TO_32_BIT_CONVERSION = YES;
				GCC_WARN_ABOUT_RETURN_TYPE = YES_ERROR;
				GCC_WARN_UNDECLARED_SELECTOR = YES;
				GCC_WARN_UNINITIALIZED_AUTOS = YES_AGGRESSIVE;
				GCC_WARN_UNUSED_FUNCTION = YES;
				GCC_WARN_UNUSED_VARIABLE = YES;
				IPHONEOS_DEPLOYMENT_TARGET = 9.3;
				MTL_ENABLE_DEBUG_INFO = NO;
				SDKROOT = iphoneos;
				TARGETED_DEVICE_FAMILY = "1,2";
				VALIDATE_PRODUCT = YES;
			};
			name = Release;
		};
		60CABB9C1CF2EE1C00B6742A /* Debug */ = {
			isa = XCBuildConfiguration;
			buildSettings = {
				ASSETCATALOG_COMPILER_APPICON_NAME = AppIcon;
				ASSETCATALOG_COMPILER_LAUNCHIMAGE_NAME = "Brand Assets";
				GCC_PREFIX_HEADER = WB/PrefixHeader.pch;
				INFOPLIST_FILE = WB/Info.plist;
				LD_RUNPATH_SEARCH_PATHS = "$(inherited) @executable_path/Frameworks";
				PRODUCT_BUNDLE_IDENTIFIER = sam.WB;
				PRODUCT_NAME = "$(TARGET_NAME)";
			};
			name = Debug;
		};
		60CABB9D1CF2EE1C00B6742A /* Release */ = {
			isa = XCBuildConfiguration;
			buildSettings = {
				ASSETCATALOG_COMPILER_APPICON_NAME = AppIcon;
				ASSETCATALOG_COMPILER_LAUNCHIMAGE_NAME = "Brand Assets";
				GCC_PREFIX_HEADER = WB/PrefixHeader.pch;
				INFOPLIST_FILE = WB/Info.plist;
				LD_RUNPATH_SEARCH_PATHS = "$(inherited) @executable_path/Frameworks";
				PRODUCT_BUNDLE_IDENTIFIER = sam.WB;
				PRODUCT_NAME = "$(TARGET_NAME)";
			};
			name = Release;
		};
		60CABB9F1CF2EE1C00B6742A /* Debug */ = {
			isa = XCBuildConfiguration;
			buildSettings = {
				BUNDLE_LOADER = "$(TEST_HOST)";
				INFOPLIST_FILE = WBTests/Info.plist;
				LD_RUNPATH_SEARCH_PATHS = "$(inherited) @executable_path/Frameworks @loader_path/Frameworks";
				PRODUCT_BUNDLE_IDENTIFIER = sam.WBTests;
				PRODUCT_NAME = "$(TARGET_NAME)";
				TEST_HOST = "$(BUILT_PRODUCTS_DIR)/WB.app/WB";
			};
			name = Debug;
		};
		60CABBA01CF2EE1C00B6742A /* Release */ = {
			isa = XCBuildConfiguration;
			buildSettings = {
				BUNDLE_LOADER = "$(TEST_HOST)";
				INFOPLIST_FILE = WBTests/Info.plist;
				LD_RUNPATH_SEARCH_PATHS = "$(inherited) @executable_path/Frameworks @loader_path/Frameworks";
				PRODUCT_BUNDLE_IDENTIFIER = sam.WBTests;
				PRODUCT_NAME = "$(TARGET_NAME)";
				TEST_HOST = "$(BUILT_PRODUCTS_DIR)/WB.app/WB";
			};
			name = Release;
		};
/* End XCBuildConfiguration section */

/* Begin XCConfigurationList section */
		60CABB741CF2EE1B00B6742A /* Build configuration list for PBXProject "WB" */ = {
			isa = XCConfigurationList;
			buildConfigurations = (
				60CABB991CF2EE1C00B6742A /* Debug */,
				60CABB9A1CF2EE1C00B6742A /* Release */,
			);
			defaultConfigurationIsVisible = 0;
			defaultConfigurationName = Release;
		};
		60CABB9B1CF2EE1C00B6742A /* Build configuration list for PBXNativeTarget "WB" */ = {
			isa = XCConfigurationList;
			buildConfigurations = (
				60CABB9C1CF2EE1C00B6742A /* Debug */,
				60CABB9D1CF2EE1C00B6742A /* Release */,
			);
			defaultConfigurationIsVisible = 0;
			defaultConfigurationName = Release;
		};
		60CABB9E1CF2EE1C00B6742A /* Build configuration list for PBXNativeTarget "WBTests" */ = {
			isa = XCConfigurationList;
			buildConfigurations = (
				60CABB9F1CF2EE1C00B6742A /* Debug */,
				60CABBA01CF2EE1C00B6742A /* Release */,
			);
			defaultConfigurationIsVisible = 0;
			defaultConfigurationName = Release;
		};
/* End XCConfigurationList section */
	};
	rootObject = 60CABB711CF2EE1B00B6742A /* Project object */;
}
